
Microsoft Visual Studio Solution File, Format Version 12.00
# Visual Studio Version 16
VisualStudioVersion = 16.0.31410.357
MinimumVisualStudioVersion = 10.0.40219.1
Project("{9A19103F-16F7-4668-BE54-9A1E7A4F7556}") = "OnionArchitecture.Api", "src\OnionArchitecture.Api\OnionArchitecture.Api.csproj", "{77ACC84D-1562-4CDF-BF9F-2E67924850CA}"
EndProject
Project("{9A19103F-16F7-4668-BE54-9A1E7A4F7556}") = "DomainLayer", "src\DomainLayer\DomainLayer.csproj", "{02BEDE83-427D-4890-8415-D624DB0F3708}"
EndProject
Project("{9A19103F-16F7-4668-BE54-9A1E7A4F7556}") = "DomainServiceLayer", "src\DomainServiceLayer\DomainServiceLayer.csproj", "{0D0B0E88-96A8-4B5D-9E41-88961E652FA7}"
EndProject
Project("{9A19103F-16F7-4668-BE54-9A1E7A4F7556}") = "InfrastructureLayer", "src\InfrastructureLayer\InfrastructureLayer.csproj", "{883F6F8B-F419-4DAA-AA3C-F34903630E43}"
EndProject
Global
	GlobalSection(SolutionConfigurationPlatforms) = preSolution
		Debug|Any CPU = Debug|Any CPU
		Release|Any CPU = Release|Any CPU
	EndGlobalSection
	GlobalSection(ProjectConfigurationPlatforms) = postSolution
		{77ACC84D-1562-4CDF-BF9F-2E67924850CA}.Debug|Any CPU.ActiveCfg = Debug|Any CPU
		{77ACC84D-1562-4CDF-BF9F-2E67924850CA}.Debug|Any CPU.Build.0 = Debug|Any CPU
		{77ACC84D-1562-4CDF-BF9F-2E67924850CA}.Release|Any CPU.ActiveCfg = Release|Any CPU
		{77ACC84D-1562-4CDF-BF9F-2E67924850CA}.Release|Any CPU.Build.0 = Release|Any CPU
		{02BEDE83-427D-4890-8415-D624DB0F3708}.Debug|Any CPU.ActiveCfg = Debug|Any CPU
		{02BEDE83-427D-4890-8415-D624DB0F3708}.Debug|Any CPU.Build.0 = Debug|Any CPU
		{02BEDE83-427D-4890-8415-D624DB0F3708}.Release|Any CPU.ActiveCfg = Release|Any CPU
		{02BEDE83-427D-4890-8415-D624DB0F3708}.Release|Any CPU.Build.0 = Release|Any CPU
		{0D0B0E88-96A8-4B5D-9E41-88961E652FA7}.Debug|Any CPU.ActiveCfg = Debug|Any CPU
		{0D0B0E88-96A8-4B5D-9E41-88961E652FA7}.Debug|Any CPU.Build.0 = Debug|Any CPU
		{0D0B0E88-96A8-4B5D-9E41-88961E652FA7}.Release|Any CPU.ActiveCfg = Release|Any CPU
		{0D0B0E88-96A8-4B5D-9E41-88961E652FA7}.Release|Any CPU.Build.0 = Release|Any CPU
		{883F6F8B-F419-4DAA-AA3C-F34903630E43}.Debug|Any CPU.ActiveCfg = Debug|Any CPU
		{883F6F8B-F419-4DAA-AA3C-F34903630E43}.Debug|Any CPU.Build.0 = Debug|Any CPU
		{883F6F8B-F419-4DAA-AA3C-F34903630E43}.Release|Any CPU.ActiveCfg = Release|Any CPU
		{883F6F8B-F419-4DAA-AA3C-F34903630E43}.Release|Any CPU.Build.0 = Release|Any CPU
	EndGlobalSection
	GlobalSection(SolutionProperties) = preSolution
		HideSolutionNode = FALSE
	EndGlobalSection
	GlobalSection(ExtensibilityGlobals) = postSolution
		SolutionGuid = {F0B7465C-CF20-454C-AB5A-811FC27AB7C7}
	EndGlobalSection
EndGlobal
